
Microsoft Visual Studio Solution File, Format Version 12.00
# Visual Studio Version 16
VisualStudioVersion = 16.0.29728.190
MinimumVisualStudioVersion = 10.0.40219.1
Project("{9A19103F-16F7-4668-BE54-9A1E7A4F7556}") = "Algorithms", "Algorithms\Algorithms.csproj", "{0FB5AB44-F6AD-47CA-BA6D-3ABF71376A6E}"
EndProject
Project("{9A19103F-16F7-4668-BE54-9A1E7A4F7556}") = "Algorithms.Test", "Algorithms.Test\Algorithms.Test.csproj", "{F020FB9D-4B68-44D5-ABE5-5E460BB8DE0F}"
EndProject
Project("{FAE04EC0-301F-11D3-BF4B-00C04F79EFBC}") = "DS", "DS\DS.csproj", "{2C94D275-2B90-4078-AE50-E44F9EE1BB23}"
EndProject
Project("{FAE04EC0-301F-11D3-BF4B-00C04F79EFBC}") = "DS.Test", "DS.Test\DS.Test.csproj", "{2D247F58-6254-4B6C-8B1A-742162469788}"
EndProject
Global
	GlobalSection(SolutionConfigurationPlatforms) = preSolution
		Debug|Any CPU = Debug|Any CPU
		Release|Any CPU = Release|Any CPU
	EndGlobalSection
	GlobalSection(ProjectConfigurationPlatforms) = postSolution
		{0FB5AB44-F6AD-47CA-BA6D-3ABF71376A6E}.Debug|Any CPU.ActiveCfg = Debug|Any CPU
		{0FB5AB44-F6AD-47CA-BA6D-3ABF71376A6E}.Debug|Any CPU.Build.0 = Debug|Any CPU
		{0FB5AB44-F6AD-47CA-BA6D-3ABF71376A6E}.Release|Any CPU.ActiveCfg = Release|Any CPU
		{0FB5AB44-F6AD-47CA-BA6D-3ABF71376A6E}.Release|Any CPU.Build.0 = Release|Any CPU
		{F020FB9D-4B68-44D5-ABE5-5E460BB8DE0F}.Debug|Any CPU.ActiveCfg = Debug|Any CPU
		{F020FB9D-4B68-44D5-ABE5-5E460BB8DE0F}.Debug|Any CPU.Build.0 = Debug|Any CPU
		{F020FB9D-4B68-44D5-ABE5-5E460BB8DE0F}.Release|Any CPU.ActiveCfg = Release|Any CPU
		{F020FB9D-4B68-44D5-ABE5-5E460BB8DE0F}.Release|Any CPU.Build.0 = Release|Any CPU
		{2C94D275-2B90-4078-AE50-E44F9EE1BB23}.Debug|Any CPU.ActiveCfg = Debug|Any CPU
		{2C94D275-2B90-4078-AE50-E44F9EE1BB23}.Debug|Any CPU.Build.0 = Debug|Any CPU
		{2C94D275-2B90-4078-AE50-E44F9EE1BB23}.Release|Any CPU.ActiveCfg = Release|Any CPU
		{2C94D275-2B90-4078-AE50-E44F9EE1BB23}.Release|Any CPU.Build.0 = Release|Any CPU
		{2D247F58-6254-4B6C-8B1A-742162469788}.Debug|Any CPU.ActiveCfg = Debug|Any CPU
		{2D247F58-6254-4B6C-8B1A-742162469788}.Debug|Any CPU.Build.0 = Debug|Any CPU
		{2D247F58-6254-4B6C-8B1A-742162469788}.Release|Any CPU.ActiveCfg = Release|Any CPU
		{2D247F58-6254-4B6C-8B1A-742162469788}.Release|Any CPU.Build.0 = Release|Any CPU
	EndGlobalSection
	GlobalSection(SolutionProperties) = preSolution
		HideSolutionNode = FALSE
	EndGlobalSection
	GlobalSection(ExtensibilityGlobals) = postSolution
		SolutionGuid = {F726E298-9F55-4D03-AA50-01CFD205F713}
	EndGlobalSection
EndGlobal
